
Microsoft Visual Studio Solution File, Format Version 12.00
# Visual Studio 15
VisualStudioVersion = 15.0.28307.779
MinimumVisualStudioVersion = 10.0.40219.1
Project("{8BC9CEB8-8B4A-11D0-8D11-00A0C91BC942}") = "Loops", "Loops\Loops.vcxproj", "{DF082730-157D-4E5D-AA97-D3E1B00E6A2E}"
EndProject
Project("{8BC9CEB8-8B4A-11D0-8D11-00A0C91BC942}") = "switchcase", "switchcase\switchcase.vcxproj", "{53EF223E-9150-463A-AB15-0AF30A283586}"
EndProject
Project("{8BC9CEB8-8B4A-11D0-8D11-00A0C91BC942}") = "Functions", "Functions\Functions.vcxproj", "{F62A25FE-50DC-4D80-9E0A-43AC6C888DA8}"
EndProject
Project("{8BC9CEB8-8B4A-11D0-8D11-00A0C91BC942}") = "FunctionOverloading", "FunctionOverloading\FunctionOverloading.vcxproj", "{59BA9869-CB15-4BB2-9354-868CEB38A8F6}"
EndProject
Project("{8BC9CEB8-8B4A-11D0-8D11-00A0C91BC942}") = "Arrays", "Arrays\Arrays.vcxproj", "{D4407A4F-B5D6-4704-9380-ECB380BB967C}"
EndProject
Project("{8BC9CEB8-8B4A-11D0-8D11-00A0C91BC942}") = "PassFunctionArrays", "PassFunctionArrays\PassFunctionArrays.vcxproj", "{574AF054-2D8E-4557-A0D8-F14D2F5DAEEB}"
EndProject
Project("{8BC9CEB8-8B4A-11D0-8D11-00A0C91BC942}") = "Strings", "Strings\Strings.vcxproj", "{F9CEBAC9-C9EE-4873-8B09-3C233E77C857}"
EndProject
Project("{8BC9CEB8-8B4A-11D0-8D11-00A0C91BC942}") = "StringsTwo", "StringsTwo\StringsTwo.vcxproj", "{AE7FA1BC-DF79-4E3B-8A9F-4A1535B7DAA3}"
EndProject
Project("{8BC9CEB8-8B4A-11D0-8D11-00A0C91BC942}") = "Structs", "Structs\Structs.vcxproj", "{44640C1C-F502-4972-9D1C-E603DBE0E9BC}"
EndProject
Project("{8BC9CEB8-8B4A-11D0-8D11-00A0C91BC942}") = "Pointers", "Pointers\Pointers.vcxproj", "{8702E9C9-7F30-46C7-BE3F-CCEC40ECC0CF}"
EndProject
Global
	GlobalSection(SolutionConfigurationPlatforms) = preSolution
		Debug|x64 = Debug|x64
		Debug|x86 = Debug|x86
		Release|x64 = Release|x64
		Release|x86 = Release|x86
	EndGlobalSection
	GlobalSection(ProjectConfigurationPlatforms) = postSolution
		{DF082730-157D-4E5D-AA97-D3E1B00E6A2E}.Debug|x64.ActiveCfg = Debug|x64
		{DF082730-157D-4E5D-AA97-D3E1B00E6A2E}.Debug|x64.Build.0 = Debug|x64
		{DF082730-157D-4E5D-AA97-D3E1B00E6A2E}.Debug|x86.ActiveCfg = Debug|Win32
		{DF082730-157D-4E5D-AA97-D3E1B00E6A2E}.Debug|x86.Build.0 = Debug|Win32
		{DF082730-157D-4E5D-AA97-D3E1B00E6A2E}.Release|x64.ActiveCfg = Release|x64
		{DF082730-157D-4E5D-AA97-D3E1B00E6A2E}.Release|x64.Build.0 = Release|x64
		{DF082730-157D-4E5D-AA97-D3E1B00E6A2E}.Release|x86.ActiveCfg = Release|Win32
		{DF082730-157D-4E5D-AA97-D3E1B00E6A2E}.Release|x86.Build.0 = Release|Win32
		{53EF223E-9150-463A-AB15-0AF30A283586}.Debug|x64.ActiveCfg = Debug|x64
		{53EF223E-9150-463A-AB15-0AF30A283586}.Debug|x64.Build.0 = Debug|x64
		{53EF223E-9150-463A-AB15-0AF30A283586}.Debug|x86.ActiveCfg = Debug|Win32
		{53EF223E-9150-463A-AB15-0AF30A283586}.Debug|x86.Build.0 = Debug|Win32
		{53EF223E-9150-463A-AB15-0AF30A283586}.Release|x64.ActiveCfg = Release|x64
		{53EF223E-9150-463A-AB15-0AF30A283586}.Release|x64.Build.0 = Release|x64
		{53EF223E-9150-463A-AB15-0AF30A283586}.Release|x86.ActiveCfg = Release|Win32
		{53EF223E-9150-463A-AB15-0AF30A283586}.Release|x86.Build.0 = Release|Win32
		{F62A25FE-50DC-4D80-9E0A-43AC6C888DA8}.Debug|x64.ActiveCfg = Debug|x64
		{F62A25FE-50DC-4D80-9E0A-43AC6C888DA8}.Debug|x64.Build.0 = Debug|x64
		{F62A25FE-50DC-4D80-9E0A-43AC6C888DA8}.Debug|x86.ActiveCfg = Debug|Win32
		{F62A25FE-50DC-4D80-9E0A-43AC6C888DA8}.Debug|x86.Build.0 = Debug|Win32
		{F62A25FE-50DC-4D80-9E0A-43AC6C888DA8}.Release|x64.ActiveCfg = Release|x64
		{F62A25FE-50DC-4D80-9E0A-43AC6C888DA8}.Release|x64.Build.0 = Release|x64
		{F62A25FE-50DC-4D80-9E0A-43AC6C888DA8}.Release|x86.ActiveCfg = Release|Win32
		{F62A25FE-50DC-4D80-9E0A-43AC6C888DA8}.Release|x86.Build.0 = Release|Win32
		{59BA9869-CB15-4BB2-9354-868CEB38A8F6}.Debug|x64.ActiveCfg = Debug|x64
		{59BA9869-CB15-4BB2-9354-868CEB38A8F6}.Debug|x64.Build.0 = Debug|x64
		{59BA9869-CB15-4BB2-9354-868CEB38A8F6}.Debug|x86.ActiveCfg = Debug|Win32
		{59BA9869-CB15-4BB2-9354-868CEB38A8F6}.Debug|x86.Build.0 = Debug|Win32
		{59BA9869-CB15-4BB2-9354-868CEB38A8F6}.Release|x64.ActiveCfg = Release|x64
		{59BA9869-CB15-4BB2-9354-868CEB38A8F6}.Release|x64.Build.0 = Release|x64
		{59BA9869-CB15-4BB2-9354-868CEB38A8F6}.Release|x86.ActiveCfg = Release|Win32
		{59BA9869-CB15-4BB2-9354-868CEB38A8F6}.Release|x86.Build.0 = Release|Win32
		{D4407A4F-B5D6-4704-9380-ECB380BB967C}.Debug|x64.ActiveCfg = Debug|x64
		{D4407A4F-B5D6-4704-9380-ECB380BB967C}.Debug|x64.Build.0 = Debug|x64
		{D4407A4F-B5D6-4704-9380-ECB380BB967C}.Debug|x86.ActiveCfg = Debug|Win32
		{D4407A4F-B5D6-4704-9380-ECB380BB967C}.Debug|x86.Build.0 = Debug|Win32
		{D4407A4F-B5D6-4704-9380-ECB380BB967C}.Release|x64.ActiveCfg = Release|x64
		{D4407A4F-B5D6-4704-9380-ECB380BB967C}.Release|x64.Build.0 = Release|x64
		{D4407A4F-B5D6-4704-9380-ECB380BB967C}.Release|x86.ActiveCfg = Release|Win32
		{D4407A4F-B5D6-4704-9380-ECB380BB967C}.Release|x86.Build.0 = Release|Win32
		{574AF054-2D8E-4557-A0D8-F14D2F5DAEEB}.Debug|x64.ActiveCfg = Debug|x64
		{574AF054-2D8E-4557-A0D8-F14D2F5DAEEB}.Debug|x64.Build.0 = Debug|x64
		{574AF054-2D8E-4557-A0D8-F14D2F5DAEEB}.Debug|x86.ActiveCfg = Debug|Win32
		{574AF054-2D8E-4557-A0D8-F14D2F5DAEEB}.Debug|x86.Build.0 = Debug|Win32
		{574AF054-2D8E-4557-A0D8-F14D2F5DAEEB}.Release|x64.ActiveCfg = Release|x64
		{574AF054-2D8E-4557-A0D8-F14D2F5DAEEB}.Release|x64.Build.0 = Release|x64
		{574AF054-2D8E-4557-A0D8-F14D2F5DAEEB}.Release|x86.ActiveCfg = Release|Win32
		{574AF054-2D8E-4557-A0D8-F14D2F5DAEEB}.Release|x86.Build.0 = Release|Win32
		{F9CEBAC9-C9EE-4873-8B09-3C233E77C857}.Debug|x64.ActiveCfg = Debug|x64
		{F9CEBAC9-C9EE-4873-8B09-3C233E77C857}.Debug|x64.Build.0 = Debug|x64
		{F9CEBAC9-C9EE-4873-8B09-3C233E77C857}.Debug|x86.ActiveCfg = Debug|Win32
		{F9CEBAC9-C9EE-4873-8B09-3C233E77C857}.Debug|x86.Build.0 = Debug|Win32
		{F9CEBAC9-C9EE-4873-8B09-3C233E77C857}.Release|x64.ActiveCfg = Release|x64
		{F9CEBAC9-C9EE-4873-8B09-3C233E77C857}.Release|x64.Build.0 = Release|x64
		{F9CEBAC9-C9EE-4873-8B09-3C233E77C857}.Release|x86.ActiveCfg = Release|Win32
		{F9CEBAC9-C9EE-4873-8B09-3C233E77C857}.Release|x86.Build.0 = Release|Win32
		{AE7FA1BC-DF79-4E3B-8A9F-4A1535B7DAA3}.Debug|x64.ActiveCfg = Debug|x64
		{AE7FA1BC-DF79-4E3B-8A9F-4A1535B7DAA3}.Debug|x64.Build.0 = Debug|x64
		{AE7FA1BC-DF79-4E3B-8A9F-4A1535B7DAA3}.Debug|x86.ActiveCfg = Debug|Win32
		{AE7FA1BC-DF79-4E3B-8A9F-4A1535B7DAA3}.Debug|x86.Build.0 = Debug|Win32
		{AE7FA1BC-DF79-4E3B-8A9F-4A1535B7DAA3}.Release|x64.ActiveCfg = Release|x64
		{AE7FA1BC-DF79-4E3B-8A9F-4A1535B7DAA3}.Release|x64.Build.0 = Release|x64
		{AE7FA1BC-DF79-4E3B-8A9F-4A1535B7DAA3}.Release|x86.ActiveCfg = Release|Win32
		{AE7FA1BC-DF79-4E3B-8A9F-4A1535B7DAA3}.Release|x86.Build.0 = Release|Win32
		{44640C1C-F502-4972-9D1C-E603DBE0E9BC}.Debug|x64.ActiveCfg = Debug|x64
		{44640C1C-F502-4972-9D1C-E603DBE0E9BC}.Debug|x64.Build.0 = Debug|x64
		{44640C1C-F502-4972-9D1C-E603DBE0E9BC}.Debug|x86.ActiveCfg = Debug|Win32
		{44640C1C-F502-4972-9D1C-E603DBE0E9BC}.Debug|x86.Build.0 = Debug|Win32
		{44640C1C-F502-4972-9D1C-E603DBE0E9BC}.Release|x64.ActiveCfg = Release|x64
		{44640C1C-F502-4972-9D1C-E603DBE0E9BC}.Release|x64.Build.0 = Release|x64
		{44640C1C-F502-4972-9D1C-E603DBE0E9BC}.Release|x86.ActiveCfg = Release|Win32
		{44640C1C-F502-4972-9D1C-E603DBE0E9BC}.Release|x86.Build.0 = Release|Win32
		{8702E9C9-7F30-46C7-BE3F-CCEC40ECC0CF}.Debug|x64.ActiveCfg = Debug|x64
		{8702E9C9-7F30-46C7-BE3F-CCEC40ECC0CF}.Debug|x64.Build.0 = Debug|x64
		{8702E9C9-7F30-46C7-BE3F-CCEC40ECC0CF}.Debug|x86.ActiveCfg = Debug|Win32
		{8702E9C9-7F30-46C7-BE3F-CCEC40ECC0CF}.Debug|x86.Build.0 = Debug|Win32
		{8702E9C9-7F30-46C7-BE3F-CCEC40ECC0CF}.Release|x64.ActiveCfg = Release|x64
		{8702E9C9-7F30-46C7-BE3F-CCEC40ECC0CF}.Release|x64.Build.0 = Release|x64
		{8702E9C9-7F30-46C7-BE3F-CCEC40ECC0CF}.Release|x86.ActiveCfg = Release|Win32
		{8702E9C9-7F30-46C7-BE3F-CCEC40ECC0CF}.Release|x86.Build.0 = Release|Win32
	EndGlobalSection
	GlobalSection(SolutionProperties) = preSolution
		HideSolutionNode = FALSE
	EndGlobalSection
	GlobalSection(ExtensibilityGlobals) = postSolution
		SolutionGuid = {A8724E0A-2FD4-48F0-9BF5-0CA875E48CC0}
	EndGlobalSection
EndGlobal
